
Microsoft Visual Studio Solution File, Format Version 12.00
# Visual Studio 14
VisualStudioVersion = 14.0.25420.1
MinimumVisualStudioVersion = 10.0.40219.1
Project("{FAE04EC0-301F-11D3-BF4B-00C04F79EFBC}") = "AspCRUD", "AspCRUD\AspCRUD.csproj", "{1139E8A2-01CE-474E-A8FA-1E548A41314C}"
EndProject
Project("{FAE04EC0-301F-11D3-BF4B-00C04F79EFBC}") = "Entidades", "Entidades\Entidades.csproj", "{FF8B767F-3F6D-4386-8CC1-3163D5EDA76F}"
EndProject
Project("{FAE04EC0-301F-11D3-BF4B-00C04F79EFBC}") = "Datos", "Datos\Datos.csproj", "{5CB4B2C8-729E-41D0-AEA2-5FDEB1F4DF3C}"
EndProject
Project("{FAE04EC0-301F-11D3-BF4B-00C04F79EFBC}") = "Negocio", "Negocio\Negocio.csproj", "{75945AB2-BDFB-4BC9-80D7-D6A8A36AEEAD}"
EndProject
Global
	GlobalSection(SolutionConfigurationPlatforms) = preSolution
		Debug|Any CPU = Debug|Any CPU
		Release|Any CPU = Release|Any CPU
	EndGlobalSection
	GlobalSection(ProjectConfigurationPlatforms) = postSolution
		{1139E8A2-01CE-474E-A8FA-1E548A41314C}.Debug|Any CPU.ActiveCfg = Debug|Any CPU
		{1139E8A2-01CE-474E-A8FA-1E548A41314C}.Debug|Any CPU.Build.0 = Debug|Any CPU
		{1139E8A2-01CE-474E-A8FA-1E548A41314C}.Release|Any CPU.ActiveCfg = Release|Any CPU
		{1139E8A2-01CE-474E-A8FA-1E548A41314C}.Release|Any CPU.Build.0 = Release|Any CPU
		{FF8B767F-3F6D-4386-8CC1-3163D5EDA76F}.Debug|Any CPU.ActiveCfg = Debug|Any CPU
		{FF8B767F-3F6D-4386-8CC1-3163D5EDA76F}.Debug|Any CPU.Build.0 = Debug|Any CPU
		{FF8B767F-3F6D-4386-8CC1-3163D5EDA76F}.Release|Any CPU.ActiveCfg = Release|Any CPU
		{FF8B767F-3F6D-4386-8CC1-3163D5EDA76F}.Release|Any CPU.Build.0 = Release|Any CPU
		{5CB4B2C8-729E-41D0-AEA2-5FDEB1F4DF3C}.Debug|Any CPU.ActiveCfg = Debug|Any CPU
		{5CB4B2C8-729E-41D0-AEA2-5FDEB1F4DF3C}.Debug|Any CPU.Build.0 = Debug|Any CPU
		{5CB4B2C8-729E-41D0-AEA2-5FDEB1F4DF3C}.Release|Any CPU.ActiveCfg = Release|Any CPU
		{5CB4B2C8-729E-41D0-AEA2-5FDEB1F4DF3C}.Release|Any CPU.Build.0 = Release|Any CPU
		{75945AB2-BDFB-4BC9-80D7-D6A8A36AEEAD}.Debug|Any CPU.ActiveCfg = Debug|Any CPU
		{75945AB2-BDFB-4BC9-80D7-D6A8A36AEEAD}.Debug|Any CPU.Build.0 = Debug|Any CPU
		{75945AB2-BDFB-4BC9-80D7-D6A8A36AEEAD}.Release|Any CPU.ActiveCfg = Release|Any CPU
		{75945AB2-BDFB-4BC9-80D7-D6A8A36AEEAD}.Release|Any CPU.Build.0 = Release|Any CPU
	EndGlobalSection
	GlobalSection(SolutionProperties) = preSolution
		HideSolutionNode = FALSE
	EndGlobalSection
EndGlobal
